Microsoft Visual Studio Solution File, Format Version 12.00
# Visual Studio 14
VisualStudioVersion = 14.0.25420.1
MinimumVisualStudioVersion = 10.0.40219.1
Project("{FAE04EC0-301F-11D3-BF4B-00C04F79EFBC}") = "Scch.DataAccess", "Scch.DataAccess\Scch.DataAccess.csproj", "{73F24E41-F9B3-490C-916F-B8AC1A724049}"
EndProject
Project("{FAE04EC0-301F-11D3-BF4B-00C04F79EFBC}") = "Scch.Common", "Scch.Common\Scch.Common.csproj", "{C3E275B2-0608-4D91-9EA6-A367DDF3A10B}"
EndProject
Project("{FAE04EC0-301F-11D3-BF4B-00C04F79EFBC}") = "Scch.DataAccess.EntityFramework", "Scch.DataAccess.EntityFramework\Scch.DataAccess.EntityFramework.csproj", "{D447E85E-76EB-4AED-8EE3-D60D473A77DF}"
EndProject
Project("{FAE04EC0-301F-11D3-BF4B-00C04F79EFBC}") = "Scch.DomainModel", "Scch.DomainModel\Scch.DomainModel.csproj", "{1854F4CF-6C1B-45AF-A92A-9882890DF194}"
EndProject
Project("{FAE04EC0-301F-11D3-BF4B-00C04F79EFBC}") = "Scch.Controls", "Scch.Controls\Scch.Controls.csproj", "{CA26204D-ECA7-484E-ADBC-EB56421E5D0A}"
EndProject
Project("{FAE04EC0-301F-11D3-BF4B-00C04F79EFBC}") = "Scch.Mvvm", "Scch.Mvvm\Scch.Mvvm.csproj", "{3450DDBB-17FB-4650-B4DF-8C85F1BDED50}"
EndProject
Project("{FAE04EC0-301F-11D3-BF4B-00C04F79EFBC}") = "Scch.Logging", "Scch.Logging\Scch.Logging.csproj", "{CF9BBB3F-5C95-467E-9D19-863FFF5ED58F}"
EndProject
Project("{FAE04EC0-301F-11D3-BF4B-00C04F79EFBC}") = "Scch.DomainModel.EntityFramework", "Scch.DomainModel.EntityFramework\Scch.DomainModel.EntityFramework.csproj", "{3F402AD5-3CFD-45A6-912D-3DF0E7545E9A}"
EndProject
Project("{FAE04EC0-301F-11D3-BF4B-00C04F79EFBC}") = "Scch.Logging.UdpLogger", "Scch.Logging.UdpLogger\Scch.Logging.UdpLogger.csproj", "{89F5A7E5-55A1-41B9-A679-309A4B80B9B1}"
EndProject
Project("{FAE04EC0-301F-11D3-BF4B-00C04F79EFBC}") = "Scch.Logging.UdpTraceListener", "Scch.Logging.UdpTraceListener\Scch.Logging.UdpTraceListener.csproj", "{6A4C8CAB-D517-4FAC-B486-D142F7AEC121}"
EndProject
Project("{FAE04EC0-301F-11D3-BF4B-00C04F79EFBC}") = "Scch.Controls.Mvvm", "Scch.Controls.Mvvm\Scch.Controls.Mvvm.csproj", "{159D944B-62B7-46E9-B7B8-AAF272E5610A}"
EndProject
Project("{FAE04EC0-301F-11D3-BF4B-00C04F79EFBC}") = "Scch.DataAccess.NoSql", "Scch.DataAccess.NoSql\Scch.DataAccess.NoSql.csproj", "{ABFCEA28-6F55-49A7-B9EC-B9E0978AC019}"
EndProject
Project("{FAE04EC0-301F-11D3-BF4B-00C04F79EFBC}") = "Scch.DataAccess.NoSql.MongoDB", "Scch.DataAccess.NoSql.MongoDB\Scch.DataAccess.NoSql.MongoDB.csproj", "{7E3CDDEA-4EC3-442D-859A-0656D4360852}"
EndProject
Project("{FAE04EC0-301F-11D3-BF4B-00C04F79EFBC}") = "Scch.DataAccess.NoSql.Xml", "Scch.DataAccess.NoSql.Xml\Scch.DataAccess.NoSql.Xml.csproj", "{783BCF59-132B-4E72-B9B8-BEF8F83428FB}"
EndProject
Project("{FAE04EC0-301F-11D3-BF4B-00C04F79EFBC}") = "Scch.DomainModel.NoSql", "Scch.DomainModel.NoSql\Scch.DomainModel.NoSql.csproj", "{83F6045E-B45A-4533-B08E-B4F418491D3F}"
EndProject
Project("{FAE04EC0-301F-11D3-BF4B-00C04F79EFBC}") = "Scch.DomainModel.NoSql.MongoDB", "Scch.DomainModel.NoSql.MongoDB\Scch.DomainModel.NoSql.MongoDB.csproj", "{1E3509C4-A07C-4BC9-877F-F6C529144023}"
EndProject
Project("{FAE04EC0-301F-11D3-BF4B-00C04F79EFBC}") = "Scch.DomainModel.NoSql.Xml", "Scch.DomainModel.NoSql.Xml\Scch.DomainModel.NoSql.Xml.csproj", "{1EF7F8A8-C7B7-4A86-89A0-2834DEF35470}"
EndProject
Project("{FAE04EC0-301F-11D3-BF4B-00C04F79EFBC}") = "Scch.ModelBasedTesting", "Scch.ModelBasedTesting\Scch.ModelBasedTesting.csproj", "{A2E995D4-71A6-4672-A751-0048CA0B2F48}"
EndProject
Project("{FAE04EC0-301F-11D3-BF4B-00C04F79EFBC}") = "Scch.ModelBasedTesting.Stepper", "Scch.ModelBasedTesting.Stepper\Scch.ModelBasedTesting.Stepper.csproj", "{38DD3701-28B9-4ED3-989E-E2266EBE8DDC}"
EndProject
Project("{FAE04EC0-301F-11D3-BF4B-00C04F79EFBC}") = "Scch.ModelBasedTesting.Stepper.Console", "Scch.ModelBasedTesting.Stepper.Console\Scch.ModelBasedTesting.Stepper.Console.csproj", "{0B379E64-E6BC-4E71-B665-A4AF89D84A7D}"
EndProject
Global
	GlobalSection(SolutionConfigurationPlatforms) = preSolution
		Debug|Any CPU = Debug|Any CPU
		Release|Any CPU = Release|Any CPU
	EndGlobalSection
	GlobalSection(ProjectConfigurationPlatforms) = postSolution
		{73F24E41-F9B3-490C-916F-B8AC1A724049}.Debug|Any CPU.ActiveCfg = Debug|Any CPU
		{73F24E41-F9B3-490C-916F-B8AC1A724049}.Debug|Any CPU.Build.0 = Debug|Any CPU
		{73F24E41-F9B3-490C-916F-B8AC1A724049}.Release|Any CPU.ActiveCfg = Release|Any CPU
		{73F24E41-F9B3-490C-916F-B8AC1A724049}.Release|Any CPU.Build.0 = Release|Any CPU
		{C3E275B2-0608-4D91-9EA6-A367DDF3A10B}.Debug|Any CPU.ActiveCfg = Debug|Any CPU
		{C3E275B2-0608-4D91-9EA6-A367DDF3A10B}.Debug|Any CPU.Build.0 = Debug|Any CPU
		{C3E275B2-0608-4D91-9EA6-A367DDF3A10B}.Release|Any CPU.ActiveCfg = Release|Any CPU
		{C3E275B2-0608-4D91-9EA6-A367DDF3A10B}.Release|Any CPU.Build.0 = Release|Any CPU
		{D447E85E-76EB-4AED-8EE3-D60D473A77DF}.Debug|Any CPU.ActiveCfg = Debug|Any CPU
		{D447E85E-76EB-4AED-8EE3-D60D473A77DF}.Debug|Any CPU.Build.0 = Debug|Any CPU
		{D447E85E-76EB-4AED-8EE3-D60D473A77DF}.Release|Any CPU.ActiveCfg = Release|Any CPU
		{D447E85E-76EB-4AED-8EE3-D60D473A77DF}.Release|Any CPU.Build.0 = Release|Any CPU
		{1854F4CF-6C1B-45AF-A92A-9882890DF194}.Debug|Any CPU.ActiveCfg = Debug|Any CPU
		{1854F4CF-6C1B-45AF-A92A-9882890DF194}.Debug|Any CPU.Build.0 = Debug|Any CPU
		{1854F4CF-6C1B-45AF-A92A-9882890DF194}.Release|Any CPU.ActiveCfg = Release|Any CPU
		{1854F4CF-6C1B-45AF-A92A-9882890DF194}.Release|Any CPU.Build.0 = Release|Any CPU
		{CA26204D-ECA7-484E-ADBC-EB56421E5D0A}.Debug|Any CPU.ActiveCfg = Debug|Any CPU
		{CA26204D-ECA7-484E-ADBC-EB56421E5D0A}.Debug|Any CPU.Build.0 = Debug|Any CPU
		{CA26204D-ECA7-484E-ADBC-EB56421E5D0A}.Release|Any CPU.ActiveCfg = Release|Any CPU
		{CA26204D-ECA7-484E-ADBC-EB56421E5D0A}.Release|Any CPU.Build.0 = Release|Any CPU
		{3450DDBB-17FB-4650-B4DF-8C85F1BDED50}.Debug|Any CPU.ActiveCfg = Debug|Any CPU
		{3450DDBB-17FB-4650-B4DF-8C85F1BDED50}.Debug|Any CPU.Build.0 = Debug|Any CPU
		{3450DDBB-17FB-4650-B4DF-8C85F1BDED50}.Release|Any CPU.ActiveCfg = Release|Any CPU
		{3450DDBB-17FB-4650-B4DF-8C85F1BDED50}.Release|Any CPU.Build.0 = Release|Any CPU
		{CF9BBB3F-5C95-467E-9D19-863FFF5ED58F}.Debug|Any CPU.ActiveCfg = Debug|Any CPU
		{CF9BBB3F-5C95-467E-9D19-863FFF5ED58F}.Debug|Any CPU.Build.0 = Debug|Any CPU
		{CF9BBB3F-5C95-467E-9D19-863FFF5ED58F}.Release|Any CPU.ActiveCfg = Release|Any CPU
		{CF9BBB3F-5C95-467E-9D19-863FFF5ED58F}.Release|Any CPU.Build.0 = Release|Any CPU
		{3F402AD5-3CFD-45A6-912D-3DF0E7545E9A}.Debug|Any CPU.ActiveCfg = Debug|Any CPU
		{3F402AD5-3CFD-45A6-912D-3DF0E7545E9A}.Debug|Any CPU.Build.0 = Debug|Any CPU
		{3F402AD5-3CFD-45A6-912D-3DF0E7545E9A}.Release|Any CPU.ActiveCfg = Release|Any CPU
		{3F402AD5-3CFD-45A6-912D-3DF0E7545E9A}.Release|Any CPU.Build.0 = Release|Any CPU
		{89F5A7E5-55A1-41B9-A679-309A4B80B9B1}.Debug|Any CPU.ActiveCfg = Debug|Any CPU
		{89F5A7E5-55A1-41B9-A679-309A4B80B9B1}.Debug|Any CPU.Build.0 = Debug|Any CPU
		{89F5A7E5-55A1-41B9-A679-309A4B80B9B1}.Release|Any CPU.ActiveCfg = Release|Any CPU
		{89F5A7E5-55A1-41B9-A679-309A4B80B9B1}.Release|Any CPU.Build.0 = Release|Any CPU
		{6A4C8CAB-D517-4FAC-B486-D142F7AEC121}.Debug|Any CPU.ActiveCfg = Debug|Any CPU
		{6A4C8CAB-D517-4FAC-B486-D142F7AEC121}.Debug|Any CPU.Build.0 = Debug|Any CPU
		{6A4C8CAB-D517-4FAC-B486-D142F7AEC121}.Release|Any CPU.ActiveCfg = Release|Any CPU
		{6A4C8CAB-D517-4FAC-B486-D142F7AEC121}.Release|Any CPU.Build.0 = Release|Any CPU
		{159D944B-62B7-46E9-B7B8-AAF272E5610A}.Debug|Any CPU.ActiveCfg = Debug|Any CPU
		{159D944B-62B7-46E9-B7B8-AAF272E5610A}.Debug|Any CPU.Build.0 = Debug|Any CPU
		{159D944B-62B7-46E9-B7B8-AAF272E5610A}.Release|Any CPU.ActiveCfg = Release|Any CPU
		{159D944B-62B7-46E9-B7B8-AAF272E5610A}.Release|Any CPU.Build.0 = Release|Any CPU
		{ABFCEA28-6F55-49A7-B9EC-B9E0978AC019}.Debug|Any CPU.ActiveCfg = Debug|Any CPU
		{ABFCEA28-6F55-49A7-B9EC-B9E0978AC019}.Debug|Any CPU.Build.0 = Debug|Any CPU
		{ABFCEA28-6F55-49A7-B9EC-B9E0978AC019}.Release|Any CPU.ActiveCfg = Release|Any CPU
		{ABFCEA28-6F55-49A7-B9EC-B9E0978AC019}.Release|Any CPU.Build.0 = Release|Any CPU
		{7E3CDDEA-4EC3-442D-859A-0656D4360852}.Debug|Any CPU.ActiveCfg = Debug|Any CPU
		{7E3CDDEA-4EC3-442D-859A-0656D4360852}.Debug|Any CPU.Build.0 = Debug|Any CPU
		{7E3CDDEA-4EC3-442D-859A-0656D4360852}.Release|Any CPU.ActiveCfg = Release|Any CPU
		{7E3CDDEA-4EC3-442D-859A-0656D4360852}.Release|Any CPU.Build.0 = Release|Any CPU
		{783BCF59-132B-4E72-B9B8-BEF8F83428FB}.Debug|Any CPU.ActiveCfg = Debug|Any CPU
		{783BCF59-132B-4E72-B9B8-BEF8F83428FB}.Debug|Any CPU.Build.0 = Debug|Any CPU
		{783BCF59-132B-4E72-B9B8-BEF8F83428FB}.Release|Any CPU.ActiveCfg = Release|Any CPU
		{783BCF59-132B-4E72-B9B8-BEF8F83428FB}.Release|Any CPU.Build.0 = Release|Any CPU
		{83F6045E-B45A-4533-B08E-B4F418491D3F}.Debug|Any CPU.ActiveCfg = Debug|Any CPU
		{83F6045E-B45A-4533-B08E-B4F418491D3F}.Debug|Any CPU.Build.0 = Debug|Any CPU
		{83F6045E-B45A-4533-B08E-B4F418491D3F}.Release|Any CPU.ActiveCfg = Release|Any CPU
		{83F6045E-B45A-4533-B08E-B4F418491D3F}.Release|Any CPU.Build.0 = Release|Any CPU
		{1E3509C4-A07C-4BC9-877F-F6C529144023}.Debug|Any CPU.ActiveCfg = Debug|Any CPU
		{1E3509C4-A07C-4BC9-877F-F6C529144023}.Debug|Any CPU.Build.0 = Debug|Any CPU
		{1E3509C4-A07C-4BC9-877F-F6C529144023}.Release|Any CPU.ActiveCfg = Release|Any CPU
		{1E3509C4-A07C-4BC9-877F-F6C529144023}.Release|Any CPU.Build.0 = Release|Any CPU
		{1EF7F8A8-C7B7-4A86-89A0-2834DEF35470}.Debug|Any CPU.ActiveCfg = Debug|Any CPU
		{1EF7F8A8-C7B7-4A86-89A0-2834DEF35470}.Debug|Any CPU.Build.0 = Debug|Any CPU
		{1EF7F8A8-C7B7-4A86-89A0-2834DEF35470}.Release|Any CPU.ActiveCfg = Release|Any CPU
		{1EF7F8A8-C7B7-4A86-89A0-2834DEF35470}.Release|Any CPU.Build.0 = Release|Any CPU
		{A2E995D4-71A6-4672-A751-0048CA0B2F48}.Debug|Any CPU.ActiveCfg = Debug|Any CPU
		{A2E995D4-71A6-4672-A751-0048CA0B2F48}.Debug|Any CPU.Build.0 = Debug|Any CPU
		{A2E995D4-71A6-4672-A751-0048CA0B2F48}.Release|Any CPU.ActiveCfg = Release|Any CPU
		{A2E995D4-71A6-4672-A751-0048CA0B2F48}.Release|Any CPU.Build.0 = Release|Any CPU
		{38DD3701-28B9-4ED3-989E-E2266EBE8DDC}.Debug|Any CPU.ActiveCfg = Debug|Any CPU
		{38DD3701-28B9-4ED3-989E-E2266EBE8DDC}.Debug|Any CPU.Build.0 = Debug|Any CPU
		{38DD3701-28B9-4ED3-989E-E2266EBE8DDC}.Release|Any CPU.ActiveCfg = Release|Any CPU
		{38DD3701-28B9-4ED3-989E-E2266EBE8DDC}.Release|Any CPU.Build.0 = Release|Any CPU
		{0B379E64-E6BC-4E71-B665-A4AF89D84A7D}.Debug|Any CPU.ActiveCfg = Debug|Any CPU
		{0B379E64-E6BC-4E71-B665-A4AF89D84A7D}.Debug|Any CPU.Build.0 = Debug|Any CPU
		{0B379E64-E6BC-4E71-B665-A4AF89D84A7D}.Release|Any CPU.ActiveCfg = Release|Any CPU
		{0B379E64-E6BC-4E71-B665-A4AF89D84A7D}.Release|Any CPU.Build.0 = Release|Any CPU
	EndGlobalSection
	GlobalSection(SolutionProperties) = preSolution
		HideSolutionNode = FALSE
	EndGlobalSection
	GlobalSection(ExtensibilityGlobals) = postSolution
		EnterpriseLibraryConfigurationToolBinariesPath = packages\Unity.2.1.505.0\lib\NET35;packages\Unity.Interception.2.1.505.0\lib\NET35;packages\EnterpriseLibrary.Common.5.0.505.0\lib\NET35;packages\EnterpriseLibrary.Logging.5.0.505.1\lib\NET35
	EndGlobalSection
	GlobalSection(TestCaseManagementSettings) = postSolution
		CategoryFile = Scch.vsmdi
	EndGlobalSection
EndGlobal
